
Microsoft Visual Studio Solution File, Format Version 12.00
# Visual Studio Version 17
VisualStudioVersion = 17.12.35707.178
MinimumVisualStudioVersion = 10.0.40219.1
Project("{8BC9CEB8-8B4A-11D0-8D11-00A0C91BC942}") = "Recursion", "Recursion\Recursion.vcxproj", "{1BB4B2F7-F5E1-43A8-B16E-C1490AE53199}"
EndProject
Project("{8BC9CEB8-8B4A-11D0-8D11-00A0C91BC942}") = "Task.2", "Task.2\Task.2.vcxproj", "{33DB23EB-9E73-4FAB-A756-AFEE0A737A12}"
EndProject
Project("{8BC9CEB8-8B4A-11D0-8D11-00A0C91BC942}") = "Task.3", "Task.3\Task.3.vcxproj", "{29E47BC8-47CA-443E-B683-48DBF2DF8D99}"
EndProject
Project("{8BC9CEB8-8B4A-11D0-8D11-00A0C91BC942}") = "Task.4", "Task.4\Task.4.vcxproj", "{A46B473C-C9F4-4B08-BC9D-C0C6FEE5876E}"
EndProject
Project("{8BC9CEB8-8B4A-11D0-8D11-00A0C91BC942}") = "Task.5", "Task.5\Task.5.vcxproj", "{FD57A2E4-91B4-420C-9C32-613E0D9F2614}"
EndProject
Global
	GlobalSection(SolutionConfigurationPlatforms) = preSolution
		Debug|x64 = Debug|x64
		Debug|x86 = Debug|x86
		Release|x64 = Release|x64
		Release|x86 = Release|x86
	EndGlobalSection
	GlobalSection(ProjectConfigurationPlatforms) = postSolution
		{1BB4B2F7-F5E1-43A8-B16E-C1490AE53199}.Debug|x64.ActiveCfg = Debug|x64
		{1BB4B2F7-F5E1-43A8-B16E-C1490AE53199}.Debug|x64.Build.0 = Debug|x64
		{1BB4B2F7-F5E1-43A8-B16E-C1490AE53199}.Debug|x86.ActiveCfg = Debug|Win32
		{1BB4B2F7-F5E1-43A8-B16E-C1490AE53199}.Debug|x86.Build.0 = Debug|Win32
		{1BB4B2F7-F5E1-43A8-B16E-C1490AE53199}.Release|x64.ActiveCfg = Release|x64
		{1BB4B2F7-F5E1-43A8-B16E-C1490AE53199}.Release|x64.Build.0 = Release|x64
		{1BB4B2F7-F5E1-43A8-B16E-C1490AE53199}.Release|x86.ActiveCfg = Release|Win32
		{1BB4B2F7-F5E1-43A8-B16E-C1490AE53199}.Release|x86.Build.0 = Release|Win32
		{33DB23EB-9E73-4FAB-A756-AFEE0A737A12}.Debug|x64.ActiveCfg = Debug|x64
		{33DB23EB-9E73-4FAB-A756-AFEE0A737A12}.Debug|x64.Build.0 = Debug|x64
		{33DB23EB-9E73-4FAB-A756-AFEE0A737A12}.Debug|x86.ActiveCfg = Debug|Win32
		{33DB23EB-9E73-4FAB-A756-AFEE0A737A12}.Debug|x86.Build.0 = Debug|Win32
		{33DB23EB-9E73-4FAB-A756-AFEE0A737A12}.Release|x64.ActiveCfg = Release|x64
		{33DB23EB-9E73-4FAB-A756-AFEE0A737A12}.Release|x64.Build.0 = Release|x64
		{33DB23EB-9E73-4FAB-A756-AFEE0A737A12}.Release|x86.ActiveCfg = Release|Win32
		{33DB23EB-9E73-4FAB-A756-AFEE0A737A12}.Release|x86.Build.0 = Release|Win32
		{29E47BC8-47CA-443E-B683-48DBF2DF8D99}.Debug|x64.ActiveCfg = Debug|x64
		{29E47BC8-47CA-443E-B683-48DBF2DF8D99}.Debug|x64.Build.0 = Debug|x64
		{29E47BC8-47CA-443E-B683-48DBF2DF8D99}.Debug|x86.ActiveCfg = Debug|Win32
		{29E47BC8-47CA-443E-B683-48DBF2DF8D99}.Debug|x86.Build.0 = Debug|Win32
		{29E47BC8-47CA-443E-B683-48DBF2DF8D99}.Release|x64.ActiveCfg = Release|x64
		{29E47BC8-47CA-443E-B683-48DBF2DF8D99}.Release|x64.Build.0 = Release|x64
		{29E47BC8-47CA-443E-B683-48DBF2DF8D99}.Release|x86.ActiveCfg = Release|Win32
		{29E47BC8-47CA-443E-B683-48DBF2DF8D99}.Release|x86.Build.0 = Release|Win32
		{A46B473C-C9F4-4B08-BC9D-C0C6FEE5876E}.Debug|x64.ActiveCfg = Debug|x64
		{A46B473C-C9F4-4B08-BC9D-C0C6FEE5876E}.Debug|x64.Build.0 = Debug|x64
		{A46B473C-C9F4-4B08-BC9D-C0C6FEE5876E}.Debug|x86.ActiveCfg = Debug|Win32
		{A46B473C-C9F4-4B08-BC9D-C0C6FEE5876E}.Debug|x86.Build.0 = Debug|Win32
		{A46B473C-C9F4-4B08-BC9D-C0C6FEE5876E}.Release|x64.ActiveCfg = Release|x64
		{A46B473C-C9F4-4B08-BC9D-C0C6FEE5876E}.Release|x64.Build.0 = Release|x64
		{A46B473C-C9F4-4B08-BC9D-C0C6FEE5876E}.Release|x86.ActiveCfg = Release|Win32
		{A46B473C-C9F4-4B08-BC9D-C0C6FEE5876E}.Release|x86.Build.0 = Release|Win32
		{FD57A2E4-91B4-420C-9C32-613E0D9F2614}.Debug|x64.ActiveCfg = Debug|x64
		{FD57A2E4-91B4-420C-9C32-613E0D9F2614}.Debug|x64.Build.0 = Debug|x64
		{FD57A2E4-91B4-420C-9C32-613E0D9F2614}.Debug|x86.ActiveCfg = Debug|Win32
		{FD57A2E4-91B4-420C-9C32-613E0D9F2614}.Debug|x86.Build.0 = Debug|Win32
		{FD57A2E4-91B4-420C-9C32-613E0D9F2614}.Release|x64.ActiveCfg = Release|x64
		{FD57A2E4-91B4-420C-9C32-613E0D9F2614}.Release|x64.Build.0 = Release|x64
		{FD57A2E4-91B4-420C-9C32-613E0D9F2614}.Release|x86.ActiveCfg = Release|Win32
		{FD57A2E4-91B4-420C-9C32-613E0D9F2614}.Release|x86.Build.0 = Release|Win32
	EndGlobalSection
	GlobalSection(SolutionProperties) = preSolution
		HideSolutionNode = FALSE
	EndGlobalSection
EndGlobal
