
Microsoft Visual Studio Solution File, Format Version 12.00
# Visual Studio Version 17
VisualStudioVersion = 17.12.35707.178
MinimumVisualStudioVersion = 10.0.40219.1
Project("{8BC9CEB8-8B4A-11D0-8D11-00A0C91BC942}") = "for-while-do-while", "for-while-do-while\for-while-do-while.vcxproj", "{4FB5E1ED-CEF9-4C7A-AF8F-B217A2695498}"
EndProject
Project("{8BC9CEB8-8B4A-11D0-8D11-00A0C91BC942}") = "Task.2", "Task.2\Task.2.vcxproj", "{367583D5-5C94-412B-B1E4-BDD6B1EC3CE0}"
EndProject
Project("{8BC9CEB8-8B4A-11D0-8D11-00A0C91BC942}") = "Task.3", "Task.3\Task.3.vcxproj", "{F3FE3F56-C903-4A59-A247-3223544390EC}"
EndProject
Project("{8BC9CEB8-8B4A-11D0-8D11-00A0C91BC942}") = "Task.4", "Task.4\Task.4.vcxproj", "{77B0327D-F274-42A1-AB36-B4DE10731D78}"
EndProject
Project("{8BC9CEB8-8B4A-11D0-8D11-00A0C91BC942}") = "Task.5", "Task.5\Task.5.vcxproj", "{0F82264E-425F-4EC9-9FAC-4191A2C9622B}"
EndProject
Project("{8BC9CEB8-8B4A-11D0-8D11-00A0C91BC942}") = "Task.6", "Task.6\Task.6.vcxproj", "{7B30836B-F32F-4C5F-A2A3-B8E47FDE18C8}"
EndProject
Project("{8BC9CEB8-8B4A-11D0-8D11-00A0C91BC942}") = "Task.7", "Task.7\Task.7.vcxproj", "{E8A8C463-E663-4C69-8820-221248A90C2A}"
EndProject
Project("{8BC9CEB8-8B4A-11D0-8D11-00A0C91BC942}") = "Task.8", "Task.8\Task.8.vcxproj", "{5AC0D354-F5A1-429A-BCDA-4962A263636F}"
EndProject
Global
	GlobalSection(SolutionConfigurationPlatforms) = preSolution
		Debug|x64 = Debug|x64
		Debug|x86 = Debug|x86
		Release|x64 = Release|x64
		Release|x86 = Release|x86
	EndGlobalSection
	GlobalSection(ProjectConfigurationPlatforms) = postSolution
		{4FB5E1ED-CEF9-4C7A-AF8F-B217A2695498}.Debug|x64.ActiveCfg = Debug|x64
		{4FB5E1ED-CEF9-4C7A-AF8F-B217A2695498}.Debug|x64.Build.0 = Debug|x64
		{4FB5E1ED-CEF9-4C7A-AF8F-B217A2695498}.Debug|x86.ActiveCfg = Debug|Win32
		{4FB5E1ED-CEF9-4C7A-AF8F-B217A2695498}.Debug|x86.Build.0 = Debug|Win32
		{4FB5E1ED-CEF9-4C7A-AF8F-B217A2695498}.Release|x64.ActiveCfg = Release|x64
		{4FB5E1ED-CEF9-4C7A-AF8F-B217A2695498}.Release|x64.Build.0 = Release|x64
		{4FB5E1ED-CEF9-4C7A-AF8F-B217A2695498}.Release|x86.ActiveCfg = Release|Win32
		{4FB5E1ED-CEF9-4C7A-AF8F-B217A2695498}.Release|x86.Build.0 = Release|Win32
		{367583D5-5C94-412B-B1E4-BDD6B1EC3CE0}.Debug|x64.ActiveCfg = Debug|x64
		{367583D5-5C94-412B-B1E4-BDD6B1EC3CE0}.Debug|x64.Build.0 = Debug|x64
		{367583D5-5C94-412B-B1E4-BDD6B1EC3CE0}.Debug|x86.ActiveCfg = Debug|Win32
		{367583D5-5C94-412B-B1E4-BDD6B1EC3CE0}.Debug|x86.Build.0 = Debug|Win32
		{367583D5-5C94-412B-B1E4-BDD6B1EC3CE0}.Release|x64.ActiveCfg = Release|x64
		{367583D5-5C94-412B-B1E4-BDD6B1EC3CE0}.Release|x64.Build.0 = Release|x64
		{367583D5-5C94-412B-B1E4-BDD6B1EC3CE0}.Release|x86.ActiveCfg = Release|Win32
		{367583D5-5C94-412B-B1E4-BDD6B1EC3CE0}.Release|x86.Build.0 = Release|Win32
		{F3FE3F56-C903-4A59-A247-3223544390EC}.Debug|x64.ActiveCfg = Debug|x64
		{F3FE3F56-C903-4A59-A247-3223544390EC}.Debug|x64.Build.0 = Debug|x64
		{F3FE3F56-C903-4A59-A247-3223544390EC}.Debug|x86.ActiveCfg = Debug|Win32
		{F3FE3F56-C903-4A59-A247-3223544390EC}.Debug|x86.Build.0 = Debug|Win32
		{F3FE3F56-C903-4A59-A247-3223544390EC}.Release|x64.ActiveCfg = Release|x64
		{F3FE3F56-C903-4A59-A247-3223544390EC}.Release|x64.Build.0 = Release|x64
		{F3FE3F56-C903-4A59-A247-3223544390EC}.Release|x86.ActiveCfg = Release|Win32
		{F3FE3F56-C903-4A59-A247-3223544390EC}.Release|x86.Build.0 = Release|Win32
		{77B0327D-F274-42A1-AB36-B4DE10731D78}.Debug|x64.ActiveCfg = Debug|x64
		{77B0327D-F274-42A1-AB36-B4DE10731D78}.Debug|x64.Build.0 = Debug|x64
		{77B0327D-F274-42A1-AB36-B4DE10731D78}.Debug|x86.ActiveCfg = Debug|Win32
		{77B0327D-F274-42A1-AB36-B4DE10731D78}.Debug|x86.Build.0 = Debug|Win32
		{77B0327D-F274-42A1-AB36-B4DE10731D78}.Release|x64.ActiveCfg = Release|x64
		{77B0327D-F274-42A1-AB36-B4DE10731D78}.Release|x64.Build.0 = Release|x64
		{77B0327D-F274-42A1-AB36-B4DE10731D78}.Release|x86.ActiveCfg = Release|Win32
		{77B0327D-F274-42A1-AB36-B4DE10731D78}.Release|x86.Build.0 = Release|Win32
		{0F82264E-425F-4EC9-9FAC-4191A2C9622B}.Debug|x64.ActiveCfg = Debug|x64
		{0F82264E-425F-4EC9-9FAC-4191A2C9622B}.Debug|x64.Build.0 = Debug|x64
		{0F82264E-425F-4EC9-9FAC-4191A2C9622B}.Debug|x86.ActiveCfg = Debug|Win32
		{0F82264E-425F-4EC9-9FAC-4191A2C9622B}.Debug|x86.Build.0 = Debug|Win32
		{0F82264E-425F-4EC9-9FAC-4191A2C9622B}.Release|x64.ActiveCfg = Release|x64
		{0F82264E-425F-4EC9-9FAC-4191A2C9622B}.Release|x64.Build.0 = Release|x64
		{0F82264E-425F-4EC9-9FAC-4191A2C9622B}.Release|x86.ActiveCfg = Release|Win32
		{0F82264E-425F-4EC9-9FAC-4191A2C9622B}.Release|x86.Build.0 = Release|Win32
		{7B30836B-F32F-4C5F-A2A3-B8E47FDE18C8}.Debug|x64.ActiveCfg = Debug|x64
		{7B30836B-F32F-4C5F-A2A3-B8E47FDE18C8}.Debug|x64.Build.0 = Debug|x64
		{7B30836B-F32F-4C5F-A2A3-B8E47FDE18C8}.Debug|x86.ActiveCfg = Debug|Win32
		{7B30836B-F32F-4C5F-A2A3-B8E47FDE18C8}.Debug|x86.Build.0 = Debug|Win32
		{7B30836B-F32F-4C5F-A2A3-B8E47FDE18C8}.Release|x64.ActiveCfg = Release|x64
		{7B30836B-F32F-4C5F-A2A3-B8E47FDE18C8}.Release|x64.Build.0 = Release|x64
		{7B30836B-F32F-4C5F-A2A3-B8E47FDE18C8}.Release|x86.ActiveCfg = Release|Win32
		{7B30836B-F32F-4C5F-A2A3-B8E47FDE18C8}.Release|x86.Build.0 = Release|Win32
		{E8A8C463-E663-4C69-8820-221248A90C2A}.Debug|x64.ActiveCfg = Debug|x64
		{E8A8C463-E663-4C69-8820-221248A90C2A}.Debug|x64.Build.0 = Debug|x64
		{E8A8C463-E663-4C69-8820-221248A90C2A}.Debug|x86.ActiveCfg = Debug|Win32
		{E8A8C463-E663-4C69-8820-221248A90C2A}.Debug|x86.Build.0 = Debug|Win32
		{E8A8C463-E663-4C69-8820-221248A90C2A}.Release|x64.ActiveCfg = Release|x64
		{E8A8C463-E663-4C69-8820-221248A90C2A}.Release|x64.Build.0 = Release|x64
		{E8A8C463-E663-4C69-8820-221248A90C2A}.Release|x86.ActiveCfg = Release|Win32
		{E8A8C463-E663-4C69-8820-221248A90C2A}.Release|x86.Build.0 = Release|Win32
		{5AC0D354-F5A1-429A-BCDA-4962A263636F}.Debug|x64.ActiveCfg = Debug|x64
		{5AC0D354-F5A1-429A-BCDA-4962A263636F}.Debug|x64.Build.0 = Debug|x64
		{5AC0D354-F5A1-429A-BCDA-4962A263636F}.Debug|x86.ActiveCfg = Debug|Win32
		{5AC0D354-F5A1-429A-BCDA-4962A263636F}.Debug|x86.Build.0 = Debug|Win32
		{5AC0D354-F5A1-429A-BCDA-4962A263636F}.Release|x64.ActiveCfg = Release|x64
		{5AC0D354-F5A1-429A-BCDA-4962A263636F}.Release|x64.Build.0 = Release|x64
		{5AC0D354-F5A1-429A-BCDA-4962A263636F}.Release|x86.ActiveCfg = Release|Win32
		{5AC0D354-F5A1-429A-BCDA-4962A263636F}.Release|x86.Build.0 = Release|Win32
	EndGlobalSection
	GlobalSection(SolutionProperties) = preSolution
		HideSolutionNode = FALSE
	EndGlobalSection
EndGlobal
