
Microsoft Visual Studio Solution File, Format Version 12.00
# Visual Studio Version 17
VisualStudioVersion = 17.12.35707.178
MinimumVisualStudioVersion = 10.0.40219.1
Project("{8BC9CEB8-8B4A-11D0-8D11-00A0C91BC942}") = "ExamPreparation - 2", "ExamPreparation - 2\ExamPreparation - 2.vcxproj", "{7E4E7843-EADB-440D-BBE1-02CFBB840F9E}"
EndProject
Project("{8BC9CEB8-8B4A-11D0-8D11-00A0C91BC942}") = "Task.2", "Task.2\Task.2.vcxproj", "{53EBFB6C-BE21-42CE-B651-24A64BCCE66E}"
EndProject
Project("{8BC9CEB8-8B4A-11D0-8D11-00A0C91BC942}") = "Task.3", "Task.3\Task.3.vcxproj", "{813500A2-8402-4765-9E65-F63DE56B4AB0}"
EndProject
Project("{8BC9CEB8-8B4A-11D0-8D11-00A0C91BC942}") = "Task.4", "Таск. 4\Таск. 4.vcxproj", "{DF4B666A-6EEF-4169-B229-AD41B060567B}"
EndProject
Project("{8BC9CEB8-8B4A-11D0-8D11-00A0C91BC942}") = "Task. 5", "Task. 5\Task. 5.vcxproj", "{37F351C5-580A-4AE6-A933-ED2F566C73BC}"
EndProject
Project("{8BC9CEB8-8B4A-11D0-8D11-00A0C91BC942}") = "Task. 6", "Task. 6\Task. 6.vcxproj", "{EE34991A-91B0-4F7E-96A4-0ADFA89D3DDE}"
EndProject
Project("{8BC9CEB8-8B4A-11D0-8D11-00A0C91BC942}") = "Task.7", "Task.7\Task.7.vcxproj", "{E2A15E8C-2EC3-4330-8C39-36D61185B5C2}"
EndProject
Global
	GlobalSection(SolutionConfigurationPlatforms) = preSolution
		Debug|x64 = Debug|x64
		Debug|x86 = Debug|x86
		Release|x64 = Release|x64
		Release|x86 = Release|x86
	EndGlobalSection
	GlobalSection(ProjectConfigurationPlatforms) = postSolution
		{7E4E7843-EADB-440D-BBE1-02CFBB840F9E}.Debug|x64.ActiveCfg = Debug|x64
		{7E4E7843-EADB-440D-BBE1-02CFBB840F9E}.Debug|x64.Build.0 = Debug|x64
		{7E4E7843-EADB-440D-BBE1-02CFBB840F9E}.Debug|x86.ActiveCfg = Debug|Win32
		{7E4E7843-EADB-440D-BBE1-02CFBB840F9E}.Debug|x86.Build.0 = Debug|Win32
		{7E4E7843-EADB-440D-BBE1-02CFBB840F9E}.Release|x64.ActiveCfg = Release|x64
		{7E4E7843-EADB-440D-BBE1-02CFBB840F9E}.Release|x64.Build.0 = Release|x64
		{7E4E7843-EADB-440D-BBE1-02CFBB840F9E}.Release|x86.ActiveCfg = Release|Win32
		{7E4E7843-EADB-440D-BBE1-02CFBB840F9E}.Release|x86.Build.0 = Release|Win32
		{53EBFB6C-BE21-42CE-B651-24A64BCCE66E}.Debug|x64.ActiveCfg = Debug|x64
		{53EBFB6C-BE21-42CE-B651-24A64BCCE66E}.Debug|x64.Build.0 = Debug|x64
		{53EBFB6C-BE21-42CE-B651-24A64BCCE66E}.Debug|x86.ActiveCfg = Debug|Win32
		{53EBFB6C-BE21-42CE-B651-24A64BCCE66E}.Debug|x86.Build.0 = Debug|Win32
		{53EBFB6C-BE21-42CE-B651-24A64BCCE66E}.Release|x64.ActiveCfg = Release|x64
		{53EBFB6C-BE21-42CE-B651-24A64BCCE66E}.Release|x64.Build.0 = Release|x64
		{53EBFB6C-BE21-42CE-B651-24A64BCCE66E}.Release|x86.ActiveCfg = Release|Win32
		{53EBFB6C-BE21-42CE-B651-24A64BCCE66E}.Release|x86.Build.0 = Release|Win32
		{813500A2-8402-4765-9E65-F63DE56B4AB0}.Debug|x64.ActiveCfg = Debug|x64
		{813500A2-8402-4765-9E65-F63DE56B4AB0}.Debug|x64.Build.0 = Debug|x64
		{813500A2-8402-4765-9E65-F63DE56B4AB0}.Debug|x86.ActiveCfg = Debug|Win32
		{813500A2-8402-4765-9E65-F63DE56B4AB0}.Debug|x86.Build.0 = Debug|Win32
		{813500A2-8402-4765-9E65-F63DE56B4AB0}.Release|x64.ActiveCfg = Release|x64
		{813500A2-8402-4765-9E65-F63DE56B4AB0}.Release|x64.Build.0 = Release|x64
		{813500A2-8402-4765-9E65-F63DE56B4AB0}.Release|x86.ActiveCfg = Release|Win32
		{813500A2-8402-4765-9E65-F63DE56B4AB0}.Release|x86.Build.0 = Release|Win32
		{DF4B666A-6EEF-4169-B229-AD41B060567B}.Debug|x64.ActiveCfg = Debug|x64
		{DF4B666A-6EEF-4169-B229-AD41B060567B}.Debug|x64.Build.0 = Debug|x64
		{DF4B666A-6EEF-4169-B229-AD41B060567B}.Debug|x86.ActiveCfg = Debug|Win32
		{DF4B666A-6EEF-4169-B229-AD41B060567B}.Debug|x86.Build.0 = Debug|Win32
		{DF4B666A-6EEF-4169-B229-AD41B060567B}.Release|x64.ActiveCfg = Release|x64
		{DF4B666A-6EEF-4169-B229-AD41B060567B}.Release|x64.Build.0 = Release|x64
		{DF4B666A-6EEF-4169-B229-AD41B060567B}.Release|x86.ActiveCfg = Release|Win32
		{DF4B666A-6EEF-4169-B229-AD41B060567B}.Release|x86.Build.0 = Release|Win32
		{37F351C5-580A-4AE6-A933-ED2F566C73BC}.Debug|x64.ActiveCfg = Debug|x64
		{37F351C5-580A-4AE6-A933-ED2F566C73BC}.Debug|x64.Build.0 = Debug|x64
		{37F351C5-580A-4AE6-A933-ED2F566C73BC}.Debug|x86.ActiveCfg = Debug|Win32
		{37F351C5-580A-4AE6-A933-ED2F566C73BC}.Debug|x86.Build.0 = Debug|Win32
		{37F351C5-580A-4AE6-A933-ED2F566C73BC}.Release|x64.ActiveCfg = Release|x64
		{37F351C5-580A-4AE6-A933-ED2F566C73BC}.Release|x64.Build.0 = Release|x64
		{37F351C5-580A-4AE6-A933-ED2F566C73BC}.Release|x86.ActiveCfg = Release|Win32
		{37F351C5-580A-4AE6-A933-ED2F566C73BC}.Release|x86.Build.0 = Release|Win32
		{EE34991A-91B0-4F7E-96A4-0ADFA89D3DDE}.Debug|x64.ActiveCfg = Debug|x64
		{EE34991A-91B0-4F7E-96A4-0ADFA89D3DDE}.Debug|x64.Build.0 = Debug|x64
		{EE34991A-91B0-4F7E-96A4-0ADFA89D3DDE}.Debug|x86.ActiveCfg = Debug|Win32
		{EE34991A-91B0-4F7E-96A4-0ADFA89D3DDE}.Debug|x86.Build.0 = Debug|Win32
		{EE34991A-91B0-4F7E-96A4-0ADFA89D3DDE}.Release|x64.ActiveCfg = Release|x64
		{EE34991A-91B0-4F7E-96A4-0ADFA89D3DDE}.Release|x64.Build.0 = Release|x64
		{EE34991A-91B0-4F7E-96A4-0ADFA89D3DDE}.Release|x86.ActiveCfg = Release|Win32
		{EE34991A-91B0-4F7E-96A4-0ADFA89D3DDE}.Release|x86.Build.0 = Release|Win32
		{E2A15E8C-2EC3-4330-8C39-36D61185B5C2}.Debug|x64.ActiveCfg = Debug|x64
		{E2A15E8C-2EC3-4330-8C39-36D61185B5C2}.Debug|x64.Build.0 = Debug|x64
		{E2A15E8C-2EC3-4330-8C39-36D61185B5C2}.Debug|x86.ActiveCfg = Debug|Win32
		{E2A15E8C-2EC3-4330-8C39-36D61185B5C2}.Debug|x86.Build.0 = Debug|Win32
		{E2A15E8C-2EC3-4330-8C39-36D61185B5C2}.Release|x64.ActiveCfg = Release|x64
		{E2A15E8C-2EC3-4330-8C39-36D61185B5C2}.Release|x64.Build.0 = Release|x64
		{E2A15E8C-2EC3-4330-8C39-36D61185B5C2}.Release|x86.ActiveCfg = Release|Win32
		{E2A15E8C-2EC3-4330-8C39-36D61185B5C2}.Release|x86.Build.0 = Release|Win32
	EndGlobalSection
	GlobalSection(SolutionProperties) = preSolution
		HideSolutionNode = FALSE
	EndGlobalSection
EndGlobal
