
Microsoft Visual Studio Solution File, Format Version 12.00
# Visual Studio Version 17
VisualStudioVersion = 17.12.35707.178
MinimumVisualStudioVersion = 10.0.40219.1
Project("{8BC9CEB8-8B4A-11D0-8D11-00A0C91BC942}") = "DataTypes", "DataTypes\DataTypes.vcxproj", "{4127ADF0-22DC-475A-99D9-62861507BBCA}"
EndProject
Project("{8BC9CEB8-8B4A-11D0-8D11-00A0C91BC942}") = "Task.2", "Task.2\Task.2.vcxproj", "{D258B909-1FFF-4B52-A0F8-40211A1D663C}"
EndProject
Project("{8BC9CEB8-8B4A-11D0-8D11-00A0C91BC942}") = "Task.3", "Task.3\Task.3.vcxproj", "{02E0E0C9-821A-47A3-A806-2A632637C6FD}"
EndProject
Project("{8BC9CEB8-8B4A-11D0-8D11-00A0C91BC942}") = "Task.4", "Task.4\Task.4.vcxproj", "{97802D49-05E2-46EC-BE17-7FF6C1275E7C}"
EndProject
Global
	GlobalSection(SolutionConfigurationPlatforms) = preSolution
		Debug|x64 = Debug|x64
		Debug|x86 = Debug|x86
		Release|x64 = Release|x64
		Release|x86 = Release|x86
	EndGlobalSection
	GlobalSection(ProjectConfigurationPlatforms) = postSolution
		{4127ADF0-22DC-475A-99D9-62861507BBCA}.Debug|x64.ActiveCfg = Debug|x64
		{4127ADF0-22DC-475A-99D9-62861507BBCA}.Debug|x64.Build.0 = Debug|x64
		{4127ADF0-22DC-475A-99D9-62861507BBCA}.Debug|x86.ActiveCfg = Debug|Win32
		{4127ADF0-22DC-475A-99D9-62861507BBCA}.Debug|x86.Build.0 = Debug|Win32
		{4127ADF0-22DC-475A-99D9-62861507BBCA}.Release|x64.ActiveCfg = Release|x64
		{4127ADF0-22DC-475A-99D9-62861507BBCA}.Release|x64.Build.0 = Release|x64
		{4127ADF0-22DC-475A-99D9-62861507BBCA}.Release|x86.ActiveCfg = Release|Win32
		{4127ADF0-22DC-475A-99D9-62861507BBCA}.Release|x86.Build.0 = Release|Win32
		{D258B909-1FFF-4B52-A0F8-40211A1D663C}.Debug|x64.ActiveCfg = Debug|x64
		{D258B909-1FFF-4B52-A0F8-40211A1D663C}.Debug|x64.Build.0 = Debug|x64
		{D258B909-1FFF-4B52-A0F8-40211A1D663C}.Debug|x86.ActiveCfg = Debug|Win32
		{D258B909-1FFF-4B52-A0F8-40211A1D663C}.Debug|x86.Build.0 = Debug|Win32
		{D258B909-1FFF-4B52-A0F8-40211A1D663C}.Release|x64.ActiveCfg = Release|x64
		{D258B909-1FFF-4B52-A0F8-40211A1D663C}.Release|x64.Build.0 = Release|x64
		{D258B909-1FFF-4B52-A0F8-40211A1D663C}.Release|x86.ActiveCfg = Release|Win32
		{D258B909-1FFF-4B52-A0F8-40211A1D663C}.Release|x86.Build.0 = Release|Win32
		{02E0E0C9-821A-47A3-A806-2A632637C6FD}.Debug|x64.ActiveCfg = Debug|x64
		{02E0E0C9-821A-47A3-A806-2A632637C6FD}.Debug|x64.Build.0 = Debug|x64
		{02E0E0C9-821A-47A3-A806-2A632637C6FD}.Debug|x86.ActiveCfg = Debug|Win32
		{02E0E0C9-821A-47A3-A806-2A632637C6FD}.Debug|x86.Build.0 = Debug|Win32
		{02E0E0C9-821A-47A3-A806-2A632637C6FD}.Release|x64.ActiveCfg = Release|x64
		{02E0E0C9-821A-47A3-A806-2A632637C6FD}.Release|x64.Build.0 = Release|x64
		{02E0E0C9-821A-47A3-A806-2A632637C6FD}.Release|x86.ActiveCfg = Release|Win32
		{02E0E0C9-821A-47A3-A806-2A632637C6FD}.Release|x86.Build.0 = Release|Win32
		{97802D49-05E2-46EC-BE17-7FF6C1275E7C}.Debug|x64.ActiveCfg = Debug|x64
		{97802D49-05E2-46EC-BE17-7FF6C1275E7C}.Debug|x64.Build.0 = Debug|x64
		{97802D49-05E2-46EC-BE17-7FF6C1275E7C}.Debug|x86.ActiveCfg = Debug|Win32
		{97802D49-05E2-46EC-BE17-7FF6C1275E7C}.Debug|x86.Build.0 = Debug|Win32
		{97802D49-05E2-46EC-BE17-7FF6C1275E7C}.Release|x64.ActiveCfg = Release|x64
		{97802D49-05E2-46EC-BE17-7FF6C1275E7C}.Release|x64.Build.0 = Release|x64
		{97802D49-05E2-46EC-BE17-7FF6C1275E7C}.Release|x86.ActiveCfg = Release|Win32
		{97802D49-05E2-46EC-BE17-7FF6C1275E7C}.Release|x86.Build.0 = Release|Win32
	EndGlobalSection
	GlobalSection(SolutionProperties) = preSolution
		HideSolutionNode = FALSE
	EndGlobalSection
EndGlobal
